// !$*UTF8*$!
{
	archiveVersion = 1;
	classes = {
	};
	objectVersion = 46;
	objects = {

/* Begin PBXBuildFile section */
		5F0DC2F11A1B41EB0071ED16 /* costArea.plist in Resources */ = {isa = PBXBuildFile; fileRef = 5F0DC2F01A1B41EB0071ED16 /* costArea.plist */; };
		5F33CC741A40513B006A6FCF /* backimage_02.png in Resources */ = {isa = PBXBuildFile; fileRef = 5F33CC5C1A40513B006A6FCF /* backimage_02.png */; };
		5F33CC751A40513B006A6FCF /* backimage_02new.png in Resources */ = {isa = PBXBuildFile; fileRef = 5F33CC5D1A40513B006A6FCF /* backimage_02new.png */; };
		5F33CC761A40513B006A6FCF /* Button_01.png in Resources */ = {isa = PBXBuildFile; fileRef = 5F33CC5E1A40513B006A6FCF /* Button_01.png */; };
		5F33CC771A40513B006A6FCF /* Button_010.png in Resources */ = {isa = PBXBuildFile; fileRef = 5F33CC5F1A40513B006A6FCF /* Button_010.png */; };
		5F33CC781A40513B006A6FCF /* Button_011.png in Resources */ = {isa = PBXBuildFile; fileRef = 5F33CC601A40513B006A6FCF /* Button_011.png */; };
		5F33CC791A40513B006A6FCF /* Button_012.png in Resources */ = {isa = PBXBuildFile; fileRef = 5F33CC611A40513B006A6FCF /* Button_012.png */; };
		5F33CC7A1A40513B006A6FCF /* Button_02purpose.png in Resources */ = {isa = PBXBuildFile; fileRef = 5F33CC621A40513B006A6FCF /* Button_02purpose.png */; };
		5F33CC7B1A40513B006A6FCF /* Button_03period.png in Resources */ = {isa = PBXBuildFile; fileRef = 5F33CC631A40513B006A6FCF /* Button_03period.png */; };
		5F33CC7C1A40513B006A6FCF /* Button_04costcheck.png in Resources */ = {isa = PBXBuildFile; fileRef = 5F33CC641A40513B006A6FCF /* Button_04costcheck.png */; };
		5F33CC7D1A40513B006A6FCF /* Button_07.png in Resources */ = {isa = PBXBuildFile; fileRef = 5F33CC651A40513B006A6FCF /* Button_07.png */; };
		5F33CC7E1A40513B006A6FCF /* Button_08.png in Resources */ = {isa = PBXBuildFile; fileRef = 5F33CC661A40513B006A6FCF /* Button_08.png */; };
		5F33CC7F1A40513B006A6FCF /* images.jpeg in Resources */ = {isa = PBXBuildFile; fileRef = 5F33CC671A40513B006A6FCF /* images.jpeg */; };
		5F33CC801A40513B006A6FCF /* images2.jpeg in Resources */ = {isa = PBXBuildFile; fileRef = 5F33CC681A40513B006A6FCF /* images2.jpeg */; };
		5F33CC811A40513B006A6FCF /* photo-big-resolution-for-free-13.jpg in Resources */ = {isa = PBXBuildFile; fileRef = 5F33CC691A40513B006A6FCF /* photo-big-resolution-for-free-13.jpg */; };
		5F33CC821A40513B006A6FCF /* photo-big-resolution-for-free-14.jpg in Resources */ = {isa = PBXBuildFile; fileRef = 5F33CC6A1A40513B006A6FCF /* photo-big-resolution-for-free-14.jpg */; };
		5F33CC831A40513B006A6FCF /* railload.jpg in Resources */ = {isa = PBXBuildFile; fileRef = 5F33CC6B1A40513B006A6FCF /* railload.jpg */; };
		5F33CC841A40513B006A6FCF /* select_country.png in Resources */ = {isa = PBXBuildFile; fileRef = 5F33CC6C1A40513B006A6FCF /* select_country.png */; };
		5F33CC851A40513B006A6FCF /* sgf01a201405271100.jpg in Resources */ = {isa = PBXBuildFile; fileRef = 5F33CC6D1A40513B006A6FCF /* sgf01a201405271100.jpg */; };
		5F33CC861A40513B006A6FCF /* textlabel.png in Resources */ = {isa = PBXBuildFile; fileRef = 5F33CC6E1A40513B006A6FCF /* textlabel.png */; };
		5F33CC871A40513B006A6FCF /* VISAbutton_02_03.png in Resources */ = {isa = PBXBuildFile; fileRef = 5F33CC6F1A40513B006A6FCF /* VISAbutton_02_03.png */; };
		5F33CC881A40513B006A6FCF /* VISAbutton_02_07.png in Resources */ = {isa = PBXBuildFile; fileRef = 5F33CC701A40513B006A6FCF /* VISAbutton_02_07.png */; };
		5F33CC891A40513B006A6FCF /* VISAbutton_02_11.png in Resources */ = {isa = PBXBuildFile; fileRef = 5F33CC711A40513B006A6FCF /* VISAbutton_02_11.png */; };
		5F33CC8A1A40513B006A6FCF /* VISAbutton_03_03.png in Resources */ = {isa = PBXBuildFile; fileRef = 5F33CC721A40513B006A6FCF /* VISAbutton_03_03.png */; };
		5F33CC8B1A40513B006A6FCF /* VISAbutton_03_07.png in Resources */ = {isa = PBXBuildFile; fileRef = 5F33CC731A40513B006A6FCF /* VISAbutton_03_07.png */; };
		5F33CC8D1A431854006A6FCF /* created.plist in Resources */ = {isa = PBXBuildFile; fileRef = 5F33CC8C1A431854006A6FCF /* created.plist */; };
		5F33CC9A1A43CEA3006A6FCF /* iOS-8@2x_120.png in Resources */ = {isa = PBXBuildFile; fileRef = 5F33CC8F1A43CEA3006A6FCF /* iOS-8@2x_120.png */; };
		5F33CC9B1A43CEA3006A6FCF /* iOS@2_58.png in Resources */ = {isa = PBXBuildFile; fileRef = 5F33CC901A43CEA3006A6FCF /* iOS@2_58.png */; };
		5F33CC9C1A43CEA3006A6FCF /* iOS@2x_1024.png in Resources */ = {isa = PBXBuildFile; fileRef = 5F33CC911A43CEA3006A6FCF /* iOS@2x_1024.png */; };
		5F33CC9D1A43CEA3006A6FCF /* iOS@2x_120.png in Resources */ = {isa = PBXBuildFile; fileRef = 5F33CC921A43CEA3006A6FCF /* iOS@2x_120.png */; };
		5F33CC9E1A43CEA3006A6FCF /* iOS@2x_152.png in Resources */ = {isa = PBXBuildFile; fileRef = 5F33CC931A43CEA3006A6FCF /* iOS@2x_152.png */; };
		5F33CC9F1A43CEA3006A6FCF /* iOS@2x_180.png in Resources */ = {isa = PBXBuildFile; fileRef = 5F33CC941A43CEA3006A6FCF /* iOS@2x_180.png */; };
		5F33CCA01A43CEA3006A6FCF /* iOS@2x_29.png in Resources */ = {isa = PBXBuildFile; fileRef = 5F33CC951A43CEA3006A6FCF /* iOS@2x_29.png */; };
		5F33CCA11A43CEA3006A6FCF /* iOS@2x_40.png in Resources */ = {isa = PBXBuildFile; fileRef = 5F33CC961A43CEA3006A6FCF /* iOS@2x_40.png */; };
		5F33CCA21A43CEA3006A6FCF /* iOS@2x_76.png in Resources */ = {isa = PBXBuildFile; fileRef = 5F33CC971A43CEA3006A6FCF /* iOS@2x_76.png */; };
		5F33CCA31A43CEA3006A6FCF /* iOS@2x_80.png in Resources */ = {isa = PBXBuildFile; fileRef = 5F33CC981A43CEA3006A6FCF /* iOS@2x_80.png */; };
		5F33CCA41A43CEA3006A6FCF /* iOS@2x_87.png in Resources */ = {isa = PBXBuildFile; fileRef = 5F33CC991A43CEA3006A6FCF /* iOS@2x_87.png */; };
		5F33CCAF1A43F1E4006A6FCF /* tyutorialViewController.m in Sources */ = {isa = PBXBuildFile; fileRef = 5F33CCAE1A43F1E4006A6FCF /* tyutorialViewController.m */; };
		5F4D37031A10F94700D7668B /* main.m in Sources */ = {isa = PBXBuildFile; fileRef = 5F4D37021A10F94700D7668B /* main.m */; };
		5F4D37061A10F94700D7668B /* AppDelegate.m in Sources */ = {isa = PBXBuildFile; fileRef = 5F4D37051A10F94700D7668B /* AppDelegate.m */; };
		5F4D37091A10F94700D7668B /* ViewController.m in Sources */ = {isa = PBXBuildFile; fileRef = 5F4D37081A10F94700D7668B /* ViewController.m */; };
		5F4D370C1A10F94700D7668B /* Main.storyboard in Resources */ = {isa = PBXBuildFile; fileRef = 5F4D370A1A10F94700D7668B /* Main.storyboard */; };
		5F4D370E1A10F94700D7668B /* Images.xcassets in Resources */ = {isa = PBXBuildFile; fileRef = 5F4D370D1A10F94700D7668B /* Images.xcassets */; };
		5F4D37111A10F94700D7668B /* LaunchScreen.xib in Resources */ = {isa = PBXBuildFile; fileRef = 5F4D370F1A10F94700D7668B /* LaunchScreen.xib */; };
		5F4D371D1A10F94700D7668B /* VISAcountdownTests.m in Sources */ = {isa = PBXBuildFile; fileRef = 5F4D371C1A10F94700D7668B /* VISAcountdownTests.m */; };
		5F4D37281A11E30F00D7668B /* DetailViewController.m in Sources */ = {isa = PBXBuildFile; fileRef = 5F4D37271A11E30F00D7668B /* DetailViewController.m */; };
/* End PBXBuildFile section */

/* Begin PBXContainerItemProxy section */
		5F4D37171A10F94700D7668B /* PBXContainerItemProxy */ = {
			isa = PBXContainerItemProxy;
			containerPortal = 5F4D36F51A10F94700D7668B /* Project object */;
			proxyType = 1;
			remoteGlobalIDString = 5F4D36FC1A10F94700D7668B;
			remoteInfo = VISAcountdown;
		};
/* End PBXContainerItemProxy section */

/* Begin PBXFileReference section */
		5F0DC2F01A1B41EB0071ED16 /* costArea.plist */ = {isa = PBXFileReference; fileEncoding = 4; lastKnownFileType = text.plist.xml; path = costArea.plist; sourceTree = "<group>"; };
		5F33CC5C1A40513B006A6FCF /* backimage_02.png */ = {isa = PBXFileReference; lastKnownFileType = image.png; path = backimage_02.png; sourceTree = "<group>"; };
		5F33CC5D1A40513B006A6FCF /* backimage_02new.png */ = {isa = PBXFileReference; lastKnownFileType = image.png; path = backimage_02new.png; sourceTree = "<group>"; };
		5F33CC5E1A40513B006A6FCF /* Button_01.png */ = {isa = PBXFileReference; lastKnownFileType = image.png; path = Button_01.png; sourceTree = "<group>"; };
		5F33CC5F1A40513B006A6FCF /* Button_010.png */ = {isa = PBXFileReference; lastKnownFileType = image.png; path = Button_010.png; sourceTree = "<group>"; };
		5F33CC601A40513B006A6FCF /* Button_011.png */ = {isa = PBXFileReference; lastKnownFileType = image.png; path = Button_011.png; sourceTree = "<group>"; };
		5F33CC611A40513B006A6FCF /* Button_012.png */ = {isa = PBXFileReference; lastKnownFileType = image.png; path = Button_012.png; sourceTree = "<group>"; };
		5F33CC621A40513B006A6FCF /* Button_02purpose.png */ = {isa = PBXFileReference; lastKnownFileType = image.png; path = Button_02purpose.png; sourceTree = "<group>"; };
		5F33CC631A40513B006A6FCF /* Button_03period.png */ = {isa = PBXFileReference; lastKnownFileType = image.png; path = Button_03period.png; sourceTree = "<group>"; };
		5F33CC641A40513B006A6FCF /* Button_04costcheck.png */ = {isa = PBXFileReference; lastKnownFileType = image.png; path = Button_04costcheck.png; sourceTree = "<group>"; };
		5F33CC651A40513B006A6FCF /* Button_07.png */ = {isa = PBXFileReference; lastKnownFileType = image.png; path = Button_07.png; sourceTree = "<group>"; };
		5F33CC661A40513B006A6FCF /* Button_08.png */ = {isa = PBXFileReference; lastKnownFileType = image.png; path = Button_08.png; sourceTree = "<group>"; };
		5F33CC671A40513B006A6FCF /* images.jpeg */ = {isa = PBXFileReference; lastKnownFileType = image.jpeg; path = images.jpeg; sourceTree = "<group>"; };
		5F33CC681A40513B006A6FCF /* images2.jpeg */ = {isa = PBXFileReference; lastKnownFileType = image.jpeg; path = images2.jpeg; sourceTree = "<group>"; };
		5F33CC691A40513B006A6FCF /* photo-big-resolution-for-free-13.jpg */ = {isa = PBXFileReference; lastKnownFileType = image.jpeg; path = "photo-big-resolution-for-free-13.jpg"; sourceTree = "<group>"; };
		5F33CC6A1A40513B006A6FCF /* photo-big-resolution-for-free-14.jpg */ = {isa = PBXFileReference; lastKnownFileType = image.jpeg; path = "photo-big-resolution-for-free-14.jpg"; sourceTree = "<group>"; };
		5F33CC6B1A40513B006A6FCF /* railload.jpg */ = {isa = PBXFileReference; lastKnownFileType = image.jpeg; path = railload.jpg; sourceTree = "<group>"; };
		5F33CC6C1A40513B006A6FCF /* select_country.png */ = {isa = PBXFileReference; lastKnownFileType = image.png; path = select_country.png; sourceTree = "<group>"; };
		5F33CC6D1A40513B006A6FCF /* sgf01a201405271100.jpg */ = {isa = PBXFileReference; lastKnownFileType = image.jpeg; path = sgf01a201405271100.jpg; sourceTree = "<group>"; };
		5F33CC6E1A40513B006A6FCF /* textlabel.png */ = {isa = PBXFileReference; lastKnownFileType = image.png; path = textlabel.png; sourceTree = "<group>"; };
		5F33CC6F1A40513B006A6FCF /* VISAbutton_02_03.png */ = {isa = PBXFileReference; lastKnownFileType = image.png; path = VISAbutton_02_03.png; sourceTree = "<group>"; };
		5F33CC701A40513B006A6FCF /* VISAbutton_02_07.png */ = {isa = PBXFileReference; lastKnownFileType = image.png; path = VISAbutton_02_07.png; sourceTree = "<group>"; };
		5F33CC711A40513B006A6FCF /* VISAbutton_02_11.png */ = {isa = PBXFileReference; lastKnownFileType = image.png; path = VISAbutton_02_11.png; sourceTree = "<group>"; };
		5F33CC721A40513B006A6FCF /* VISAbutton_03_03.png */ = {isa = PBXFileReference; lastKnownFileType = image.png; path = VISAbutton_03_03.png; sourceTree = "<group>"; };
		5F33CC731A40513B006A6FCF /* VISAbutton_03_07.png */ = {isa = PBXFileReference; lastKnownFileType = image.png; path = VISAbutton_03_07.png; sourceTree = "<group>"; };
		5F33CC8C1A431854006A6FCF /* created.plist */ = {isa = PBXFileReference; fileEncoding = 4; lastKnownFileType = text.plist.xml; path = created.plist; sourceTree = "<group>"; };
		5F33CC8F1A43CEA3006A6FCF /* iOS-8@2x_120.png */ = {isa = PBXFileReference; lastKnownFileType = image.png; path = "iOS-8@2x_120.png"; sourceTree = "<group>"; };
		5F33CC901A43CEA3006A6FCF /* iOS@2_58.png */ = {isa = PBXFileReference; lastKnownFileType = image.png; path = "iOS@2_58.png"; sourceTree = "<group>"; };
		5F33CC911A43CEA3006A6FCF /* iOS@2x_1024.png */ = {isa = PBXFileReference; lastKnownFileType = image.png; path = "iOS@2x_1024.png"; sourceTree = "<group>"; };
		5F33CC921A43CEA3006A6FCF /* iOS@2x_120.png */ = {isa = PBXFileReference; lastKnownFileType = image.png; path = "iOS@2x_120.png"; sourceTree = "<group>"; };
		5F33CC931A43CEA3006A6FCF /* iOS@2x_152.png */ = {isa = PBXFileReference; lastKnownFileType = image.png; path = "iOS@2x_152.png"; sourceTree = "<group>"; };
		5F33CC941A43CEA3006A6FCF /* iOS@2x_180.png */ = {isa = PBXFileReference; lastKnownFileType = image.png; path = "iOS@2x_180.png"; sourceTree = "<group>"; };
		5F33CC951A43CEA3006A6FCF /* iOS@2x_29.png */ = {isa = PBXFileReference; lastKnownFileType = image.png; path = "iOS@2x_29.png"; sourceTree = "<group>"; };
		5F33CC961A43CEA3006A6FCF /* iOS@2x_40.png */ = {isa = PBXFileReference; lastKnownFileType = image.png; path = "iOS@2x_40.png"; sourceTree = "<group>"; };
		5F33CC971A43CEA3006A6FCF /* iOS@2x_76.png */ = {isa = PBXFileReference; lastKnownFileType = image.png; path = "iOS@2x_76.png"; sourceTree = "<group>"; };
		5F33CC981A43CEA3006A6FCF /* iOS@2x_80.png */ = {isa = PBXFileReference; lastKnownFileType = image.png; path = "iOS@2x_80.png"; sourceTree = "<group>"; };
		5F33CC991A43CEA3006A6FCF /* iOS@2x_87.png */ = {isa = PBXFileReference; lastKnownFileType = image.png; path = "iOS@2x_87.png"; sourceTree = "<group>"; };
		5F33CCAD1A43F1E4006A6FCF /* tyutorialViewController.h */ = {isa = PBXFileReference; fileEncoding = 4; lastKnownFileType = sourcecode.c.h; path = tyutorialViewController.h; sourceTree = "<group>"; };
		5F33CCAE1A43F1E4006A6FCF /* tyutorialViewController.m */ = {isa = PBXFileReference; fileEncoding = 4; lastKnownFileType = sourcecode.c.objc; path = tyutorialViewController.m; sourceTree = "<group>"; };
		5F4D36FD1A10F94700D7668B /* VISAcountdown.app */ = {isa = PBXFileReference; explicitFileType = wrapper.application; includeInIndex = 0; path = VISAcountdown.app; sourceTree = BUILT_PRODUCTS_DIR; };
		5F4D37011A10F94700D7668B /* Info.plist */ = {isa = PBXFileReference; lastKnownFileType = text.plist.xml; path = Info.plist; sourceTree = "<group>"; };
		5F4D37021A10F94700D7668B /* main.m */ = {isa = PBXFileReference; lastKnownFileType = sourcecode.c.objc; path = main.m; sourceTree = "<group>"; };
		5F4D37041A10F94700D7668B /* AppDelegate.h */ = {isa = PBXFileReference; lastKnownFileType = sourcecode.c.h; path = AppDelegate.h; sourceTree = "<group>"; };
		5F4D37051A10F94700D7668B /* AppDelegate.m */ = {isa = PBXFileReference; lastKnownFileType = sourcecode.c.objc; path = AppDelegate.m; sourceTree = "<group>"; };
		5F4D37071A10F94700D7668B /* ViewController.h */ = {isa = PBXFileReference; lastKnownFileType = sourcecode.c.h; path = ViewController.h; sourceTree = "<group>"; };
		5F4D37081A10F94700D7668B /* ViewController.m */ = {isa = PBXFileReference; lastKnownFileType = sourcecode.c.objc; path = ViewController.m; sourceTree = "<group>"; };
		5F4D370B1A10F94700D7668B /* Base */ = {isa = PBXFileReference; lastKnownFileType = file.storyboard; name = Base; path = Base.lproj/Main.storyboard; sourceTree = "<group>"; };
		5F4D370D1A10F94700D7668B /* Images.xcassets */ = {isa = PBXFileReference; lastKnownFileType = folder.assetcatalog; path = Images.xcassets; sourceTree = "<group>"; };
		5F4D37101A10F94700D7668B /* Base */ = {isa = PBXFileReference; lastKnownFileType = file.xib; name = Base; path = Base.lproj/LaunchScreen.xib; sourceTree = "<group>"; };
		5F4D37161A10F94700D7668B /* VISAcountdownTests.xctest */ = {isa = PBXFileReference; explicitFileType = wrapper.cfbundle; includeInIndex = 0; path = VISAcountdownTests.xctest; sourceTree = BUILT_PRODUCTS_DIR; };
		5F4D371B1A10F94700D7668B /* Info.plist */ = {isa = PBXFileReference; lastKnownFileType = text.plist.xml; path = Info.plist; sourceTree = "<group>"; };
		5F4D371C1A10F94700D7668B /* VISAcountdownTests.m */ = {isa = PBXFileReference; lastKnownFileType = sourcecode.c.objc; path = VISAcountdownTests.m; sourceTree = "<group>"; };
		5F4D37261A11E30E00D7668B /* DetailViewController.h */ = {isa = PBXFileReference; fileEncoding = 4; lastKnownFileType = sourcecode.c.h; path = DetailViewController.h; sourceTree = "<group>"; };
		5F4D37271A11E30F00D7668B /* DetailViewController.m */ = {isa = PBXFileReference; fileEncoding = 4; lastKnownFileType = sourcecode.c.objc; path = DetailViewController.m; sourceTree = "<group>"; };
/* End PBXFileReference section */

/* Begin PBXFrameworksBuildPhase section */
		5F4D36FA1A10F94700D7668B /* Frameworks */ = {
			isa = PBXFrameworksBuildPhase;
			buildActionMask = 2147483647;
			files = (
			);
			runOnlyForDeploymentPostprocessing = 0;
		};
		5F4D37131A10F94700D7668B /* Frameworks */ = {
			isa = PBXFrameworksBuildPhase;
			buildActionMask = 2147483647;
			files = (
			);
			runOnlyForDeploymentPostprocessing = 0;
		};
/* End PBXFrameworksBuildPhase section */

/* Begin PBXGroup section */
		5F33CC5B1A40513B006A6FCF /* images */ = {
			isa = PBXGroup;
			children = (
				5F33CC5C1A40513B006A6FCF /* backimage_02.png */,
				5F33CC5D1A40513B006A6FCF /* backimage_02new.png */,
				5F33CC5E1A40513B006A6FCF /* Button_01.png */,
				5F33CC5F1A40513B006A6FCF /* Button_010.png */,
				5F33CC601A40513B006A6FCF /* Button_011.png */,
				5F33CC611A40513B006A6FCF /* Button_012.png */,
				5F33CC621A40513B006A6FCF /* Button_02purpose.png */,
				5F33CC631A40513B006A6FCF /* Button_03period.png */,
				5F33CC641A40513B006A6FCF /* Button_04costcheck.png */,
				5F33CC651A40513B006A6FCF /* Button_07.png */,
				5F33CC661A40513B006A6FCF /* Button_08.png */,
				5F33CC671A40513B006A6FCF /* images.jpeg */,
				5F33CC681A40513B006A6FCF /* images2.jpeg */,
				5F33CC691A40513B006A6FCF /* photo-big-resolution-for-free-13.jpg */,
				5F33CC6A1A40513B006A6FCF /* photo-big-resolution-for-free-14.jpg */,
				5F33CC6B1A40513B006A6FCF /* railload.jpg */,
				5F33CC6C1A40513B006A6FCF /* select_country.png */,
				5F33CC6D1A40513B006A6FCF /* sgf01a201405271100.jpg */,
				5F33CC6E1A40513B006A6FCF /* textlabel.png */,
				5F33CC6F1A40513B006A6FCF /* VISAbutton_02_03.png */,
				5F33CC701A40513B006A6FCF /* VISAbutton_02_07.png */,
				5F33CC711A40513B006A6FCF /* VISAbutton_02_11.png */,
				5F33CC721A40513B006A6FCF /* VISAbutton_03_03.png */,
				5F33CC731A40513B006A6FCF /* VISAbutton_03_07.png */,
			);
			path = images;
			sourceTree = "<group>";
		};
		5F33CC8E1A43CEA3006A6FCF /* VISAcountdown_latest.icon */ = {
			isa = PBXGroup;
			children = (
				5F33CC8F1A43CEA3006A6FCF /* iOS-8@2x_120.png */,
				5F33CC901A43CEA3006A6FCF /* iOS@2_58.png */,
				5F33CC911A43CEA3006A6FCF /* iOS@2x_1024.png */,
				5F33CC921A43CEA3006A6FCF /* iOS@2x_120.png */,
				5F33CC931A43CEA3006A6FCF /* iOS@2x_152.png */,
				5F33CC941A43CEA3006A6FCF /* iOS@2x_180.png */,
				5F33CC951A43CEA3006A6FCF /* iOS@2x_29.png */,
				5F33CC961A43CEA3006A6FCF /* iOS@2x_40.png */,
				5F33CC971A43CEA3006A6FCF /* iOS@2x_76.png */,
				5F33CC981A43CEA3006A6FCF /* iOS@2x_80.png */,
				5F33CC991A43CEA3006A6FCF /* iOS@2x_87.png */,
			);
			path = VISAcountdown_latest.icon;
			sourceTree = "<group>";
		};
		5F4D36F41A10F94700D7668B = {
			isa = PBXGroup;
			children = (
				5F4D36FF1A10F94700D7668B /* VISAcountdown */,
				5F4D37191A10F94700D7668B /* VISAcountdownTests */,
				5F4D36FE1A10F94700D7668B /* Products */,
			);
			sourceTree = "<group>";
		};
		5F4D36FE1A10F94700D7668B /* Products */ = {
			isa = PBXGroup;
			children = (
				5F4D36FD1A10F94700D7668B /* VISAcountdown.app */,
				5F4D37161A10F94700D7668B /* VISAcountdownTests.xctest */,
			);
			name = Products;
			sourceTree = "<group>";
		};
		5F4D36FF1A10F94700D7668B /* VISAcountdown */ = {
			isa = PBXGroup;
			children = (
				5F4D37041A10F94700D7668B /* AppDelegate.h */,
				5F4D37051A10F94700D7668B /* AppDelegate.m */,
				5F4D37071A10F94700D7668B /* ViewController.h */,
				5F4D37081A10F94700D7668B /* ViewController.m */,
				5F4D37261A11E30E00D7668B /* DetailViewController.h */,
				5F4D37271A11E30F00D7668B /* DetailViewController.m */,
				5F33CCAD1A43F1E4006A6FCF /* tyutorialViewController.h */,
				5F33CCAE1A43F1E4006A6FCF /* tyutorialViewController.m */,
				5F4D370A1A10F94700D7668B /* Main.storyboard */,
				5F4D370D1A10F94700D7668B /* Images.xcassets */,
				5F4D370F1A10F94700D7668B /* LaunchScreen.xib */,
				5F4D37001A10F94700D7668B /* Supporting Files */,
			);
			path = VISAcountdown;
			sourceTree = "<group>";
		};
		5F4D37001A10F94700D7668B /* Supporting Files */ = {
			isa = PBXGroup;
			children = (
				5F33CC8E1A43CEA3006A6FCF /* VISAcountdown_latest.icon */,
				5F33CC8C1A431854006A6FCF /* created.plist */,
				5F33CC5B1A40513B006A6FCF /* images */,
				5F0DC2F01A1B41EB0071ED16 /* costArea.plist */,
				5F4D37011A10F94700D7668B /* Info.plist */,
				5F4D37021A10F94700D7668B /* main.m */,
			);
			name = "Supporting Files";
			sourceTree = "<group>";
		};
		5F4D37191A10F94700D7668B /* VISAcountdownTests */ = {
			isa = PBXGroup;
			children = (
				5F4D371C1A10F94700D7668B /* VISAcountdownTests.m */,
				5F4D371A1A10F94700D7668B /* Supporting Files */,
			);
			path = VISAcountdownTests;
			sourceTree = "<group>";
		};
		5F4D371A1A10F94700D7668B /* Supporting Files */ = {
			isa = PBXGroup;
			children = (
				5F4D371B1A10F94700D7668B /* Info.plist */,
			);
			name = "Supporting Files";
			sourceTree = "<group>";
		};
/* End PBXGroup section */

/* Begin PBXNativeTarget section */
		5F4D36FC1A10F94700D7668B /* VISAcountdown */ = {
			isa = PBXNativeTarget;
			buildConfigurationList = 5F4D37201A10F94700D7668B /* Build configuration list for PBXNativeTarget "VISAcountdown" */;
			buildPhases = (
				5F4D36F91A10F94700D7668B /* Sources */,
				5F4D36FA1A10F94700D7668B /* Frameworks */,
				5F4D36FB1A10F94700D7668B /* Resources */,
			);
			buildRules = (
			);
			dependencies = (
			);
			name = VISAcountdown;
			productName = VISAcountdown;
			productReference = 5F4D36FD1A10F94700D7668B /* VISAcountdown.app */;
			productType = "com.apple.product-type.application";
		};
		5F4D37151A10F94700D7668B /* VISAcountdownTests */ = {
			isa = PBXNativeTarget;
			buildConfigurationList = 5F4D37231A10F94700D7668B /* Build configuration list for PBXNativeTarget "VISAcountdownTests" */;
			buildPhases = (
				5F4D37121A10F94700D7668B /* Sources */,
				5F4D37131A10F94700D7668B /* Frameworks */,
				5F4D37141A10F94700D7668B /* Resources */,
			);
			buildRules = (
			);
			dependencies = (
				5F4D37181A10F94700D7668B /* PBXTargetDependency */,
			);
			name = VISAcountdownTests;
			productName = VISAcountdownTests;
			productReference = 5F4D37161A10F94700D7668B /* VISAcountdownTests.xctest */;
			productType = "com.apple.product-type.bundle.unit-test";
		};
/* End PBXNativeTarget section */

/* Begin PBXProject section */
		5F4D36F51A10F94700D7668B /* Project object */ = {
			isa = PBXProject;
			attributes = {
				LastUpgradeCheck = 0610;
				ORGANIZATIONNAME = hiratanaoki;
				TargetAttributes = {
					5F4D36FC1A10F94700D7668B = {
						CreatedOnToolsVersion = 6.1;
					};
					5F4D37151A10F94700D7668B = {
						CreatedOnToolsVersion = 6.1;
						TestTargetID = 5F4D36FC1A10F94700D7668B;
					};
				};
			};
			buildConfigurationList = 5F4D36F81A10F94700D7668B /* Build configuration list for PBXProject "VISAcountdown" */;
			compatibilityVersion = "Xcode 3.2";
			developmentRegion = English;
			hasScannedForEncodings = 0;
			knownRegions = (
				en,
				Base,
			);
			mainGroup = 5F4D36F41A10F94700D7668B;
			productRefGroup = 5F4D36FE1A10F94700D7668B /* Products */;
			projectDirPath = "";
			projectRoot = "";
			targets = (
				5F4D36FC1A10F94700D7668B /* VISAcountdown */,
				5F4D37151A10F94700D7668B /* VISAcountdownTests */,
			);
		};
/* End PBXProject section */

/* Begin PBXResourcesBuildPhase section */
		5F4D36FB1A10F94700D7668B /* Resources */ = {
			isa = PBXResourcesBuildPhase;
			buildActionMask = 2147483647;
			files = (
				5F33CC741A40513B006A6FCF /* backimage_02.png in Resources */,
				5F4D370C1A10F94700D7668B /* Main.storyboard in Resources */,
				5F33CCA31A43CEA3006A6FCF /* iOS@2x_80.png in Resources */,
				5F33CCA41A43CEA3006A6FCF /* iOS@2x_87.png in Resources */,
				5F33CC791A40513B006A6FCF /* Button_012.png in Resources */,
				5F33CC801A40513B006A6FCF /* images2.jpeg in Resources */,
				5F33CC7B1A40513B006A6FCF /* Button_03period.png in Resources */,
				5F33CC9E1A43CEA3006A6FCF /* iOS@2x_152.png in Resources */,
				5F4D37111A10F94700D7668B /* LaunchScreen.xib in Resources */,
				5F33CC861A40513B006A6FCF /* textlabel.png in Resources */,
				5F33CC831A40513B006A6FCF /* railload.jpg in Resources */,
				5F33CCA21A43CEA3006A6FCF /* iOS@2x_76.png in Resources */,
				5F0DC2F11A1B41EB0071ED16 /* costArea.plist in Resources */,
				5F33CC9B1A43CEA3006A6FCF /* iOS@2_58.png in Resources */,
				5F33CCA01A43CEA3006A6FCF /* iOS@2x_29.png in Resources */,
				5F33CC761A40513B006A6FCF /* Button_01.png in Resources */,
				5F33CC7A1A40513B006A6FCF /* Button_02purpose.png in Resources */,
				5F33CC9A1A43CEA3006A6FCF /* iOS-8@2x_120.png in Resources */,
				5F33CC841A40513B006A6FCF /* select_country.png in Resources */,
				5F33CC811A40513B006A6FCF /* photo-big-resolution-for-free-13.jpg in Resources */,
				5F33CC781A40513B006A6FCF /* Button_011.png in Resources */,
				5F33CCA11A43CEA3006A6FCF /* iOS@2x_40.png in Resources */,
				5F33CC7D1A40513B006A6FCF /* Button_07.png in Resources */,
				5F33CC821A40513B006A6FCF /* photo-big-resolution-for-free-14.jpg in Resources */,
				5F33CC751A40513B006A6FCF /* backimage_02new.png in Resources */,
				5F33CC9F1A43CEA3006A6FCF /* iOS@2x_180.png in Resources */,
				5F33CC851A40513B006A6FCF /* sgf01a201405271100.jpg in Resources */,
				5F33CC881A40513B006A6FCF /* VISAbutton_02_07.png in Resources */,
				5F33CC7E1A40513B006A6FCF /* Button_08.png in Resources */,
				5F33CC8B1A40513B006A6FCF /* VISAbutton_03_07.png in Resources */,
				5F33CC9D1A43CEA3006A6FCF /* iOS@2x_120.png in Resources */,
				5F4D370E1A10F94700D7668B /* Images.xcassets in Resources */,
				5F33CC8A1A40513B006A6FCF /* VISAbutton_03_03.png in Resources */,
				5F33CC8D1A431854006A6FCF /* created.plist in Resources */,
				5F33CC7F1A40513B006A6FCF /* images.jpeg in Resources */,
				5F33CC891A40513B006A6FCF /* VISAbutton_02_11.png in Resources */,
				5F33CC771A40513B006A6FCF /* Button_010.png in Resources */,
				5F33CC9C1A43CEA3006A6FCF /* iOS@2x_1024.png in Resources */,
				5F33CC871A40513B006A6FCF /* VISAbutton_02_03.png in Resources */,
				5F33CC7C1A40513B006A6FCF /* Button_04costcheck.png in Resources */,
			);
			runOnlyForDeploymentPostprocessing = 0;
		};
		5F4D37141A10F94700D7668B /* Resources */ = {
			isa = PBXResourcesBuildPhase;
			buildActionMask = 2147483647;
			files = (
			);
			runOnlyForDeploymentPostprocessing = 0;
		};
/* End PBXResourcesBuildPhase section */

/* Begin PBXSourcesBuildPhase section */
		5F4D36F91A10F94700D7668B /* Sources */ = {
			isa = PBXSourcesBuildPhase;
			buildActionMask = 2147483647;
			files = (
				5F4D37091A10F94700D7668B /* ViewController.m in Sources */,
				5F4D37061A10F94700D7668B /* AppDelegate.m in Sources */,
				5F4D37031A10F94700D7668B /* main.m in Sources */,
				5F4D37281A11E30F00D7668B /* DetailViewController.m in Sources */,
				5F33CCAF1A43F1E4006A6FCF /* tyutorialViewController.m in Sources */,
			);
			runOnlyForDeploymentPostprocessing = 0;
		};
		5F4D37121A10F94700D7668B /* Sources */ = {
			isa = PBXSourcesBuildPhase;
			buildActionMask = 2147483647;
			files = (
				5F4D371D1A10F94700D7668B /* VISAcountdownTests.m in Sources */,
			);
			runOnlyForDeploymentPostprocessing = 0;
		};
/* End PBXSourcesBuildPhase section */

/* Begin PBXTargetDependency section */
		5F4D37181A10F94700D7668B /* PBXTargetDependency */ = {
			isa = PBXTargetDependency;
			target = 5F4D36FC1A10F94700D7668B /* VISAcountdown */;
			targetProxy = 5F4D37171A10F94700D7668B /* PBXContainerItemProxy */;
		};
/* End PBXTargetDependency section */

/* Begin PBXVariantGroup section */
		5F4D370A1A10F94700D7668B /* Main.storyboard */ = {
			isa = PBXVariantGroup;
			children = (
				5F4D370B1A10F94700D7668B /* Base */,
			);
			name = Main.storyboard;
			sourceTree = "<group>";
		};
		5F4D370F1A10F94700D7668B /* LaunchScreen.xib */ = {
			isa = PBXVariantGroup;
			children = (
				5F4D37101A10F94700D7668B /* Base */,
			);
			name = LaunchScreen.xib;
			sourceTree = "<group>";
		};
/* End PBXVariantGroup section */

/* Begin XCBuildConfiguration section */
		5F4D371E1A10F94700D7668B /* Debug */ = {
			isa = XCBuildConfiguration;
			buildSettings = {
				ALWAYS_SEARCH_USER_PATHS = NO;
				CLANG_CXX_LANGUAGE_STANDARD = "gnu++0x";
				CLANG_CXX_LIBRARY = "libc++";
				CLANG_ENABLE_MODULES = YES;
				CLANG_ENABLE_OBJC_ARC = YES;
				CLANG_WARN_BOOL_CONVERSION = YES;
				CLANG_WARN_CONSTANT_CONVERSION = YES;
				CLANG_WARN_DIRECT_OBJC_ISA_USAGE = YES_ERROR;
				CLANG_WARN_EMPTY_BODY = YES;
				CLANG_WARN_ENUM_CONVERSION = YES;
				CLANG_WARN_INT_CONVERSION = YES;
				CLANG_WARN_OBJC_ROOT_CLASS = YES_ERROR;
				CLANG_WARN_UNREACHABLE_CODE = YES;
				CLANG_WARN__DUPLICATE_METHOD_MATCH = YES;
				"CODE_SIGN_IDENTITY[sdk=iphoneos*]" = "iPhone Developer";
				COPY_PHASE_STRIP = NO;
				ENABLE_STRICT_OBJC_MSGSEND = YES;
				GCC_C_LANGUAGE_STANDARD = gnu99;
				GCC_DYNAMIC_NO_PIC = NO;
				GCC_OPTIMIZATION_LEVEL = 0;
				GCC_PREPROCESSOR_DEFINITIONS = (
					"DEBUG=1",
					"$(inherited)",
				);
				GCC_SYMBOLS_PRIVATE_EXTERN = NO;
				GCC_WARN_64_TO_32_BIT_CONVERSION = YES;
				GCC_WARN_ABOUT_RETURN_TYPE = YES_ERROR;
				GCC_WARN_UNDECLARED_SELECTOR = YES;
				GCC_WARN_UNINITIALIZED_AUTOS = YES_AGGRESSIVE;
				GCC_WARN_UNUSED_FUNCTION = YES;
				GCC_WARN_UNUSED_VARIABLE = YES;
				IPHONEOS_DEPLOYMENT_TARGET = 8.1;
				MTL_ENABLE_DEBUG_INFO = YES;
				ONLY_ACTIVE_ARCH = YES;
				SDKROOT = iphoneos;
			};
			name = Debug;
		};
		5F4D371F1A10F94700D7668B /* Release */ = {
			isa = XCBuildConfiguration;
			buildSettings = {
				ALWAYS_SEARCH_USER_PATHS = NO;
				CLANG_CXX_LANGUAGE_STANDARD = "gnu++0x";
				CLANG_CXX_LIBRARY = "libc++";
				CLANG_ENABLE_MODULES = YES;
				CLANG_ENABLE_OBJC_ARC = YES;
				CLANG_WARN_BOOL_CONVERSION = YES;
				CLANG_WARN_CONSTANT_CONVERSION = YES;
				CLANG_WARN_DIRECT_OBJC_ISA_USAGE = YES_ERROR;
				CLANG_WARN_EMPTY_BODY = YES;
				CLANG_WARN_ENUM_CONVERSION = YES;
				CLANG_WARN_INT_CONVERSION = YES;
				CLANG_WARN_OBJC_ROOT_CLASS = YES_ERROR;
				CLANG_WARN_UNREACHABLE_CODE = YES;
				CLANG_WARN__DUPLICATE_METHOD_MATCH = YES;
				"CODE_SIGN_IDENTITY[sdk=iphoneos*]" = "iPhone Developer";
				COPY_PHASE_STRIP = YES;
				ENABLE_NS_ASSERTIONS = NO;
				ENABLE_STRICT_OBJC_MSGSEND = YES;
				GCC_C_LANGUAGE_STANDARD = gnu99;
				GCC_WARN_64_TO_32_BIT_CONVERSION = YES;
				GCC_WARN_ABOUT_RETURN_TYPE = YES_ERROR;
				GCC_WARN_UNDECLARED_SELECTOR = YES;
				GCC_WARN_UNINITIALIZED_AUTOS = YES_AGGRESSIVE;
				GCC_WARN_UNUSED_FUNCTION = YES;
				GCC_WARN_UNUSED_VARIABLE = YES;
				IPHONEOS_DEPLOYMENT_TARGET = 8.1;
				MTL_ENABLE_DEBUG_INFO = NO;
				SDKROOT = iphoneos;
				VALIDATE_PRODUCT = YES;
			};
			name = Release;
		};
		5F4D37211A10F94700D7668B /* Debug */ = {
			isa = XCBuildConfiguration;
			buildSettings = {
				ASSETCATALOG_COMPILER_APPICON_NAME = AppIcon;
				INFOPLIST_FILE = VISAcountdown/Info.plist;
				LD_RUNPATH_SEARCH_PATHS = "$(inherited) @executable_path/Frameworks";
				PRODUCT_NAME = "$(TARGET_NAME)";
			};
			name = Debug;
		};
		5F4D37221A10F94700D7668B /* Release */ = {
			isa = XCBuildConfiguration;
			buildSettings = {
				ASSETCATALOG_COMPILER_APPICON_NAME = AppIcon;
				INFOPLIST_FILE = VISAcountdown/Info.plist;
				LD_RUNPATH_SEARCH_PATHS = "$(inherited) @executable_path/Frameworks";
				PRODUCT_NAME = "$(TARGET_NAME)";
			};
			name = Release;
		};
		5F4D37241A10F94700D7668B /* Debug */ = {
			isa = XCBuildConfiguration;
			buildSettings = {
				BUNDLE_LOADER = "$(TEST_HOST)";
				FRAMEWORK_SEARCH_PATHS = (
					"$(SDKROOT)/Developer/Library/Frameworks",
					"$(inherited)",
				);
				GCC_PREPROCESSOR_DEFINITIONS = (
					"DEBUG=1",
					"$(inherited)",
				);
				INFOPLIST_FILE = VISAcountdownTests/Info.plist;
				LD_RUNPATH_SEARCH_PATHS = "$(inherited) @executable_path/Frameworks @loader_path/Frameworks";
				PRODUCT_NAME = "$(TARGET_NAME)";
				TEST_HOST = "$(BUILT_PRODUCTS_DIR)/VISAcountdown.app/VISAcountdown";
			};
			name = Debug;
		};
		5F4D37251A10F94700D7668B /* Release */ = {
			isa = XCBuildConfiguration;
			buildSettings = {
				BUNDLE_LOADER = "$(TEST_HOST)";
				FRAMEWORK_SEARCH_PATHS = (
					"$(SDKROOT)/Developer/Library/Frameworks",
					"$(inherited)",
				);
				INFOPLIST_FILE = VISAcountdownTests/Info.plist;
				LD_RUNPATH_SEARCH_PATHS = "$(inherited) @executable_path/Frameworks @loader_path/Frameworks";
				PRODUCT_NAME = "$(TARGET_NAME)";
				TEST_HOST = "$(BUILT_PRODUCTS_DIR)/VISAcountdown.app/VISAcountdown";
			};
			name = Release;
		};
/* End XCBuildConfiguration section */

/* Begin XCConfigurationList section */
		5F4D36F81A10F94700D7668B /* Build configuration list for PBXProject "VISAcountdown" */ = {
			isa = XCConfigurationList;
			buildConfigurations = (
				5F4D371E1A10F94700D7668B /* Debug */,
				5F4D371F1A10F94700D7668B /* Release */,
			);
			defaultConfigurationIsVisible = 0;
			defaultConfigurationName = Release;
		};
		5F4D37201A10F94700D7668B /* Build configuration list for PBXNativeTarget "VISAcountdown" */ = {
			isa = XCConfigurationList;
			buildConfigurations = (
				5F4D37211A10F94700D7668B /* Debug */,
				5F4D37221A10F94700D7668B /* Release */,
			);
			defaultConfigurationIsVisible = 0;
			defaultConfigurationName = Release;
		};
		5F4D37231A10F94700D7668B /* Build configuration list for PBXNativeTarget "VISAcountdownTests" */ = {
			isa = XCConfigurationList;
			buildConfigurations = (
				5F4D37241A10F94700D7668B /* Debug */,
				5F4D37251A10F94700D7668B /* Release */,
			);
			defaultConfigurationIsVisible = 0;
			defaultConfigurationName = Release;
		};
/* End XCConfigurationList section */
	};
	rootObject = 5F4D36F51A10F94700D7668B /* Project object */;
}
